
Microsoft Visual Studio Solution File, Format Version 12.00
# Visual Studio Version 17
VisualStudioVersion = 17.12.35707.178
MinimumVisualStudioVersion = 10.0.40219.1
Project("{FAE04EC0-301F-11D3-BF4B-00C04F79EFBC}") = "Task (1) C#", "Task (1) C#\Task (1) C#.csproj", "{08E3ED75-D8C0-4924-84D4-24C30DC54766}"
EndProject
Project("{FAE04EC0-301F-11D3-BF4B-00C04F79EFBC}") = "Array Task", "Array Task\Array Task.csproj", "{32694E4D-9752-4F30-A3E8-B82823E92743}"
EndProject
Project("{FAE04EC0-301F-11D3-BF4B-00C04F79EFBC}") = "19-1-2025", "19-1-2025\19-1-2025.csproj", "{DF00B64E-CF26-47D8-B97A-03DEEE335576}"
EndProject
Project("{FAE04EC0-301F-11D3-BF4B-00C04F79EFBC}") = "Problem Solving", "Problem Solving\Problem Solving.csproj", "{48CA671F-6EC8-47B8-9EDC-494911737095}"
EndProject
Project("{FAE04EC0-301F-11D3-BF4B-00C04F79EFBC}") = "20-1-2025", "20-1-2025\20-1-2025.csproj", "{D2645C6A-89E4-41E1-AC3D-D9C730764114}"
EndProject
Project("{FAE04EC0-301F-11D3-BF4B-00C04F79EFBC}") = "Construction Example", "Construction Example\Construction Example.csproj", "{3CD1BE95-975C-48D2-AEC2-ED7C19A280F9}"
EndProject
Project("{FAE04EC0-301F-11D3-BF4B-00C04F79EFBC}") = "21-1-2025", "21-1-2025\21-1-2025.csproj", "{2BB547B9-064E-4113-9FF5-0C1967E63C7B}"
EndProject
Project("{FAE04EC0-301F-11D3-BF4B-00C04F79EFBC}") = "22-1-2025", "22-1-2025\22-1-2025.csproj", "{CA4C54BE-1865-4A97-811B-6B5EA204575E}"
EndProject
Project("{FAE04EC0-301F-11D3-BF4B-00C04F79EFBC}") = "23-1-2025", "23-1-2025\23-1-2025.csproj", "{2B596363-6763-4E44-91F4-8BC7D743300C}"
EndProject
Global
	GlobalSection(SolutionConfigurationPlatforms) = preSolution
		Debug|Any CPU = Debug|Any CPU
		Release|Any CPU = Release|Any CPU
	EndGlobalSection
	GlobalSection(ProjectConfigurationPlatforms) = postSolution
		{08E3ED75-D8C0-4924-84D4-24C30DC54766}.Debug|Any CPU.ActiveCfg = Debug|Any CPU
		{08E3ED75-D8C0-4924-84D4-24C30DC54766}.Debug|Any CPU.Build.0 = Debug|Any CPU
		{08E3ED75-D8C0-4924-84D4-24C30DC54766}.Release|Any CPU.ActiveCfg = Release|Any CPU
		{08E3ED75-D8C0-4924-84D4-24C30DC54766}.Release|Any CPU.Build.0 = Release|Any CPU
		{32694E4D-9752-4F30-A3E8-B82823E92743}.Debug|Any CPU.ActiveCfg = Debug|Any CPU
		{32694E4D-9752-4F30-A3E8-B82823E92743}.Debug|Any CPU.Build.0 = Debug|Any CPU
		{32694E4D-9752-4F30-A3E8-B82823E92743}.Release|Any CPU.ActiveCfg = Release|Any CPU
		{32694E4D-9752-4F30-A3E8-B82823E92743}.Release|Any CPU.Build.0 = Release|Any CPU
		{DF00B64E-CF26-47D8-B97A-03DEEE335576}.Debug|Any CPU.ActiveCfg = Debug|Any CPU
		{DF00B64E-CF26-47D8-B97A-03DEEE335576}.Debug|Any CPU.Build.0 = Debug|Any CPU
		{DF00B64E-CF26-47D8-B97A-03DEEE335576}.Release|Any CPU.ActiveCfg = Release|Any CPU
		{DF00B64E-CF26-47D8-B97A-03DEEE335576}.Release|Any CPU.Build.0 = Release|Any CPU
		{48CA671F-6EC8-47B8-9EDC-494911737095}.Debug|Any CPU.ActiveCfg = Debug|Any CPU
		{48CA671F-6EC8-47B8-9EDC-494911737095}.Debug|Any CPU.Build.0 = Debug|Any CPU
		{48CA671F-6EC8-47B8-9EDC-494911737095}.Release|Any CPU.ActiveCfg = Release|Any CPU
		{48CA671F-6EC8-47B8-9EDC-494911737095}.Release|Any CPU.Build.0 = Release|Any CPU
		{D2645C6A-89E4-41E1-AC3D-D9C730764114}.Debug|Any CPU.ActiveCfg = Debug|Any CPU
		{D2645C6A-89E4-41E1-AC3D-D9C730764114}.Debug|Any CPU.Build.0 = Debug|Any CPU
		{D2645C6A-89E4-41E1-AC3D-D9C730764114}.Release|Any CPU.ActiveCfg = Release|Any CPU
		{D2645C6A-89E4-41E1-AC3D-D9C730764114}.Release|Any CPU.Build.0 = Release|Any CPU
		{3CD1BE95-975C-48D2-AEC2-ED7C19A280F9}.Debug|Any CPU.ActiveCfg = Debug|Any CPU
		{3CD1BE95-975C-48D2-AEC2-ED7C19A280F9}.Debug|Any CPU.Build.0 = Debug|Any CPU
		{3CD1BE95-975C-48D2-AEC2-ED7C19A280F9}.Release|Any CPU.ActiveCfg = Release|Any CPU
		{3CD1BE95-975C-48D2-AEC2-ED7C19A280F9}.Release|Any CPU.Build.0 = Release|Any CPU
		{2BB547B9-064E-4113-9FF5-0C1967E63C7B}.Debug|Any CPU.ActiveCfg = Debug|Any CPU
		{2BB547B9-064E-4113-9FF5-0C1967E63C7B}.Debug|Any CPU.Build.0 = Debug|Any CPU
		{2BB547B9-064E-4113-9FF5-0C1967E63C7B}.Release|Any CPU.ActiveCfg = Release|Any CPU
		{2BB547B9-064E-4113-9FF5-0C1967E63C7B}.Release|Any CPU.Build.0 = Release|Any CPU
		{CA4C54BE-1865-4A97-811B-6B5EA204575E}.Debug|Any CPU.ActiveCfg = Debug|Any CPU
		{CA4C54BE-1865-4A97-811B-6B5EA204575E}.Debug|Any CPU.Build.0 = Debug|Any CPU
		{CA4C54BE-1865-4A97-811B-6B5EA204575E}.Release|Any CPU.ActiveCfg = Release|Any CPU
		{CA4C54BE-1865-4A97-811B-6B5EA204575E}.Release|Any CPU.Build.0 = Release|Any CPU
		{2B596363-6763-4E44-91F4-8BC7D743300C}.Debug|Any CPU.ActiveCfg = Debug|Any CPU
		{2B596363-6763-4E44-91F4-8BC7D743300C}.Debug|Any CPU.Build.0 = Debug|Any CPU
		{2B596363-6763-4E44-91F4-8BC7D743300C}.Release|Any CPU.ActiveCfg = Release|Any CPU
		{2B596363-6763-4E44-91F4-8BC7D743300C}.Release|Any CPU.Build.0 = Release|Any CPU
	EndGlobalSection
	GlobalSection(SolutionProperties) = preSolution
		HideSolutionNode = FALSE
	EndGlobalSection
EndGlobal
